{
  "originHash" : "e0dd982a47849df1b2da679caadb3bc3e15559a9460eeb93a1b6dcd6ff537a60",
  "pins" : [
    {
      "identity" : "swift-argument-parser",
      "kind" : "remoteSourceControl",
      "location" : "https://github.com/apple/swift-argument-parser",
      "state" : {
        "revision" : "626b5b7b2f45e1b0b1c6f4a309296d1d21d7311b",
        "version" : "1.7.1"
      }
    },
    {
      "identity" : "swiftterm",
      "kind" : "remoteSourceControl",
      "location" : "https://github.com/migueldeicaza/SwiftTerm.git",
      "state" : {
        "revision" : "5d14406844143538cd8f8851d2d8a67c1fe443e5",
        "version" : "1.20.0"
      }
    }
  ],
  "version" : 3
}
